
Microsoft Visual Studio Solution File, Format Version 12.00
Project("{FAE04EC0-301F-11D3-BF4B-00C04F79EFBC}") = "CarRental.Domain", "CarRental.Domain\CarRental.Domain.csproj", "{B59F16D1-F78A-4DE8-AC72-283B58333FE7}"
EndProject
Project("{FAE04EC0-301F-11D3-BF4B-00C04F79EFBC}") = "CarRental.Tests", "CarRental.Tests\CarRental.Tests.csproj", "{46F2AE61-96B9-4C06-AA98-FBC752FD0F52}"
EndProject
Project("{2150E333-8FDC-42A3-9474-1A3956D46DE8}") = "docs", "docs", "{54BFAA7A-095C-4D9D-8F85-21AC774C7F5D}"
	ProjectSection(SolutionItems) = preProject
		README.md = README.md
		presentation.md = presentation.md
	EndProjectSection
EndProject
Global
	GlobalSection(SolutionConfigurationPlatforms) = preSolution
		Debug|Any CPU = Debug|Any CPU
		Release|Any CPU = Release|Any CPU
	EndGlobalSection
	GlobalSection(ProjectConfigurationPlatforms) = postSolution
		{B59F16D1-F78A-4DE8-AC72-283B58333FE7}.Debug|Any CPU.ActiveCfg = Debug|Any CPU
		{B59F16D1-F78A-4DE8-AC72-283B58333FE7}.Debug|Any CPU.Build.0 = Debug|Any CPU
		{B59F16D1-F78A-4DE8-AC72-283B58333FE7}.Release|Any CPU.ActiveCfg = Release|Any CPU
		{B59F16D1-F78A-4DE8-AC72-283B58333FE7}.Release|Any CPU.Build.0 = Release|Any CPU
		{46F2AE61-96B9-4C06-AA98-FBC752FD0F52}.Debug|Any CPU.ActiveCfg = Debug|Any CPU
		{46F2AE61-96B9-4C06-AA98-FBC752FD0F52}.Debug|Any CPU.Build.0 = Debug|Any CPU
		{46F2AE61-96B9-4C06-AA98-FBC752FD0F52}.Release|Any CPU.ActiveCfg = Release|Any CPU
		{46F2AE61-96B9-4C06-AA98-FBC752FD0F52}.Release|Any CPU.Build.0 = Release|Any CPU
	EndGlobalSection
EndGlobal
